
Microsoft Visual Studio Solution File, Format Version 12.00
# Visual Studio 15
VisualStudioVersion = 15.0.28307.136
MinimumVisualStudioVersion = 10.0.40219.1
Project("{FAE04EC0-301F-11D3-BF4B-00C04F79EFBC}") = "Music Library", "Music Library\Music Library.csproj", "{14B29D3F-19BE-45D9-BBD1-6F5959EC41D0}"
EndProject
Global
	GlobalSection(SolutionConfigurationPlatforms) = preSolution
		Debug|Any CPU = Debug|Any CPU
		Release|Any CPU = Release|Any CPU
	EndGlobalSection
	GlobalSection(ProjectConfigurationPlatforms) = postSolution
		{14B29D3F-19BE-45D9-BBD1-6F5959EC41D0}.Debug|Any CPU.ActiveCfg = Debug|Any CPU
		{14B29D3F-19BE-45D9-BBD1-6F5959EC41D0}.Debug|Any CPU.Build.0 = Debug|Any CPU
		{14B29D3F-19BE-45D9-BBD1-6F5959EC41D0}.Release|Any CPU.ActiveCfg = Release|Any CPU
		{14B29D3F-19BE-45D9-BBD1-6F5959EC41D0}.Release|Any CPU.Build.0 = Release|Any CPU
	EndGlobalSection
	GlobalSection(SolutionProperties) = preSolution
		HideSolutionNode = FALSE
	EndGlobalSection
	GlobalSection(ExtensibilityGlobals) = postSolution
		SolutionGuid = {606A9C46-4BE2-457D-93DE-B096AE21FEBD}
	EndGlobalSection
EndGlobal
